
Microsoft Visual Studio Solution File, Format Version 12.00
# Visual Studio 15
VisualStudioVersion = 15.0.27428.2005
MinimumVisualStudioVersion = 10.0.40219.1
Project("{8BC9CEB8-8B4A-11D0-8D11-00A0C91BC942}") = "3.1.4", "3.1.4\3.1.4.vcxproj", "{BAE5A2EE-B1E6-48A0-B681-B1B658BEA57C}"
EndProject
Global
	GlobalSection(SolutionConfigurationPlatforms) = preSolution
		Debug|x64 = Debug|x64
		Debug|x86 = Debug|x86
		Release|x64 = Release|x64
		Release|x86 = Release|x86
	EndGlobalSection
	GlobalSection(ProjectConfigurationPlatforms) = postSolution
		{BAE5A2EE-B1E6-48A0-B681-B1B658BEA57C}.Debug|x64.ActiveCfg = Debug|x64
		{BAE5A2EE-B1E6-48A0-B681-B1B658BEA57C}.Debug|x64.Build.0 = Debug|x64
		{BAE5A2EE-B1E6-48A0-B681-B1B658BEA57C}.Debug|x86.ActiveCfg = Debug|Win32
		{BAE5A2EE-B1E6-48A0-B681-B1B658BEA57C}.Debug|x86.Build.0 = Debug|Win32
		{BAE5A2EE-B1E6-48A0-B681-B1B658BEA57C}.Release|x64.ActiveCfg = Release|x64
		{BAE5A2EE-B1E6-48A0-B681-B1B658BEA57C}.Release|x64.Build.0 = Release|x64
		{BAE5A2EE-B1E6-48A0-B681-B1B658BEA57C}.Release|x86.ActiveCfg = Release|Win32
		{BAE5A2EE-B1E6-48A0-B681-B1B658BEA57C}.Release|x86.Build.0 = Release|Win32
	EndGlobalSection
	GlobalSection(SolutionProperties) = preSolution
		HideSolutionNode = FALSE
	EndGlobalSection
	GlobalSection(ExtensibilityGlobals) = postSolution
		SolutionGuid = {FC0967D8-A8CE-4D05-B82E-FD2963A262CE}
	EndGlobalSection
EndGlobal
