
Microsoft Visual Studio Solution File, Format Version 12.00
# Visual Studio 15
VisualStudioVersion = 15.0.27428.2005
MinimumVisualStudioVersion = 10.0.40219.1
Project("{8BC9CEB8-8B4A-11D0-8D11-00A0C91BC942}") = "3.5.6", "3.5.6\3.5.6.vcxproj", "{3CBE36EB-3497-40E6-AD38-E4241C0E94EE}"
EndProject
Global
	GlobalSection(SolutionConfigurationPlatforms) = preSolution
		Debug|x64 = Debug|x64
		Debug|x86 = Debug|x86
		Release|x64 = Release|x64
		Release|x86 = Release|x86
	EndGlobalSection
	GlobalSection(ProjectConfigurationPlatforms) = postSolution
		{3CBE36EB-3497-40E6-AD38-E4241C0E94EE}.Debug|x64.ActiveCfg = Debug|x64
		{3CBE36EB-3497-40E6-AD38-E4241C0E94EE}.Debug|x64.Build.0 = Debug|x64
		{3CBE36EB-3497-40E6-AD38-E4241C0E94EE}.Debug|x86.ActiveCfg = Debug|Win32
		{3CBE36EB-3497-40E6-AD38-E4241C0E94EE}.Debug|x86.Build.0 = Debug|Win32
		{3CBE36EB-3497-40E6-AD38-E4241C0E94EE}.Release|x64.ActiveCfg = Release|x64
		{3CBE36EB-3497-40E6-AD38-E4241C0E94EE}.Release|x64.Build.0 = Release|x64
		{3CBE36EB-3497-40E6-AD38-E4241C0E94EE}.Release|x86.ActiveCfg = Release|Win32
		{3CBE36EB-3497-40E6-AD38-E4241C0E94EE}.Release|x86.Build.0 = Release|Win32
	EndGlobalSection
	GlobalSection(SolutionProperties) = preSolution
		HideSolutionNode = FALSE
	EndGlobalSection
	GlobalSection(ExtensibilityGlobals) = postSolution
		SolutionGuid = {515B4664-0875-4648-8D91-3E33E9603654}
	EndGlobalSection
EndGlobal
